
Microsoft Visual Studio Solution File, Format Version 12.00
# Visual Studio 15
VisualStudioVersion = 15.0.27703.2000
MinimumVisualStudioVersion = 10.0.40219.1
Project("{FAE04EC0-301F-11D3-BF4B-00C04F79EFBC}") = "INF272_Project", "INF272_Project\INF272_Project.csproj", "{CF8EB13C-2D0F-46F1-A6CB-6A4044191CF6}"
EndProject
Global
	GlobalSection(SolutionConfigurationPlatforms) = preSolution
		Debug|Any CPU = Debug|Any CPU
		Release|Any CPU = Release|Any CPU
	EndGlobalSection
	GlobalSection(ProjectConfigurationPlatforms) = postSolution
		{CF8EB13C-2D0F-46F1-A6CB-6A4044191CF6}.Debug|Any CPU.ActiveCfg = Debug|Any CPU
		{CF8EB13C-2D0F-46F1-A6CB-6A4044191CF6}.Debug|Any CPU.Build.0 = Debug|Any CPU
		{CF8EB13C-2D0F-46F1-A6CB-6A4044191CF6}.Release|Any CPU.ActiveCfg = Release|Any CPU
		{CF8EB13C-2D0F-46F1-A6CB-6A4044191CF6}.Release|Any CPU.Build.0 = Release|Any CPU
	EndGlobalSection
	GlobalSection(SolutionProperties) = preSolution
		HideSolutionNode = FALSE
	EndGlobalSection
	GlobalSection(ExtensibilityGlobals) = postSolution
		SolutionGuid = {BF0F9ACB-2B12-4F23-A5B0-5C8061670E6E}
	EndGlobalSection
EndGlobal
